name: Lock Threads

on:
  schedule:
    - cron: '0 2 * * 0'
  workflow_dispatch:
  workflow_call:

permissions:
  issues: write
  pull-requests: write

jobs:
  lock:
    runs-on: ubuntu-latest
    steps:
      - uses: dessant/lock-threads@v6
        with:
          github-token: ${{ secrets.GITHUB_TOKEN }}

          issue-inactive-days: '60'
          issue-lock-reason: 'resolved'
          issue-comment: >
            This issue has been closed for 60 days and is now locked.
            If you are experiencing a similar problem, please open a new
            issue and reference this one.

          pr-inactive-days: '90'
          pr-lock-reason: 'resolved'
          pr-comment: ''

          exclude-any-issue-labels: 'pinned,security'
          exclude-any-pr-labels: 'pinned'
          log-output: true
